
Microsoft Visual Studio Solution File, Format Version 12.00
# Visual Studio 2013
VisualStudioVersion = 12.0.31101.0
MinimumVisualStudioVersion = 10.0.40219.1
Project("{FAE04EC0-301F-11D3-BF4B-00C04F79EFBC}") = "Was.EventBus", "Was.EventBus\Was.EventBus.csproj", "{51999AA2-DD4C-47EF-8568-F2B76B83CB24}"
EndProject
Project("{FAE04EC0-301F-11D3-BF4B-00C04F79EFBC}") = "Was.EventBus.Autofac", "Was.EventBus.Autofac\Was.EventBus.Autofac.csproj", "{A9A65508-A3B1-4D34-8D2C-46FE5B8D7D0E}"
EndProject
Global
	GlobalSection(SolutionConfigurationPlatforms) = preSolution
		Debug|Any CPU = Debug|Any CPU
		Release|Any CPU = Release|Any CPU
	EndGlobalSection
	GlobalSection(ProjectConfigurationPlatforms) = postSolution
		{51999AA2-DD4C-47EF-8568-F2B76B83CB24}.Debug|Any CPU.ActiveCfg = Debug|Any CPU
		{51999AA2-DD4C-47EF-8568-F2B76B83CB24}.Debug|Any CPU.Build.0 = Debug|Any CPU
		{51999AA2-DD4C-47EF-8568-F2B76B83CB24}.Release|Any CPU.ActiveCfg = Release|Any CPU
		{51999AA2-DD4C-47EF-8568-F2B76B83CB24}.Release|Any CPU.Build.0 = Release|Any CPU
		{A9A65508-A3B1-4D34-8D2C-46FE5B8D7D0E}.Debug|Any CPU.ActiveCfg = Debug|Any CPU
		{A9A65508-A3B1-4D34-8D2C-46FE5B8D7D0E}.Debug|Any CPU.Build.0 = Debug|Any CPU
		{A9A65508-A3B1-4D34-8D2C-46FE5B8D7D0E}.Release|Any CPU.ActiveCfg = Release|Any CPU
		{A9A65508-A3B1-4D34-8D2C-46FE5B8D7D0E}.Release|Any CPU.Build.0 = Release|Any CPU
	EndGlobalSection
	GlobalSection(SolutionProperties) = preSolution
		HideSolutionNode = FALSE
	EndGlobalSection
EndGlobal
